// !$*UTF8*$!
{
	archiveVersion = 1;
	classes = {
	};
	objectVersion = 46;
	objects = {

/* Begin PBXBuildFile section */
		5DD760A6927974BF59DC49EA /* Pods_YelpForBathrooms.framework in Frameworks */ = {isa = PBXBuildFile; fileRef = 6339D452ECD4FBCEC40FDC59 /* Pods_YelpForBathrooms.framework */; };
		902088A11BF80C25006F0808 /* AppDelegate.swift in Sources */ = {isa = PBXBuildFile; fileRef = 902088A01BF80C25006F0808 /* AppDelegate.swift */; };
		902088A61BF80C25006F0808 /* Main.storyboard in Resources */ = {isa = PBXBuildFile; fileRef = 902088A41BF80C25006F0808 /* Main.storyboard */; };
		902088A81BF80C25006F0808 /* Assets.xcassets in Resources */ = {isa = PBXBuildFile; fileRef = 902088A71BF80C25006F0808 /* Assets.xcassets */; };
		902088AB1BF80C25006F0808 /* LaunchScreen.storyboard in Resources */ = {isa = PBXBuildFile; fileRef = 902088A91BF80C25006F0808 /* LaunchScreen.storyboard */; };
		902088B61BF811B3006F0808 /* Bathroom.swift in Sources */ = {isa = PBXBuildFile; fileRef = 902088B51BF811B3006F0808 /* Bathroom.swift */; };
		902B80AC1C013FB2002041CE /* Profile.storyboard in Resources */ = {isa = PBXBuildFile; fileRef = 902B80AB1C013FB2002041CE /* Profile.storyboard */; };
		903CEAB31C014701003BC6FF /* Login.storyboard in Resources */ = {isa = PBXBuildFile; fileRef = 903CEAB11C014701003BC6FF /* Login.storyboard */; };
		903CEAB51C014ADB003BC6FF /* AddBathroom.storyboard in Resources */ = {isa = PBXBuildFile; fileRef = 903CEAB41C014ADB003BC6FF /* AddBathroom.storyboard */; };
		903CEAB81C014E1E003BC6FF /* BathroomDetails.storyboard in Resources */ = {isa = PBXBuildFile; fileRef = 903CEAB61C014E1E003BC6FF /* BathroomDetails.storyboard */; };
		903CEABA1C015230003BC6FF /* BathroomDetailsViewController.swift in Sources */ = {isa = PBXBuildFile; fileRef = 903CEAB91C015230003BC6FF /* BathroomDetailsViewController.swift */; };
		903CEABD1C0152C7003BC6FF /* AddBathroomReview.storyboard in Resources */ = {isa = PBXBuildFile; fileRef = 903CEABB1C0152C7003BC6FF /* AddBathroomReview.storyboard */; };
		903CEABF1C0154A0003BC6FF /* AddBathroomReviewViewController.swift in Sources */ = {isa = PBXBuildFile; fileRef = 903CEABE1C0154A0003BC6FF /* AddBathroomReviewViewController.swift */; };
		903CEAC11C0154D6003BC6FF /* LoginViewController.swift in Sources */ = {isa = PBXBuildFile; fileRef = 903CEAC01C0154D6003BC6FF /* LoginViewController.swift */; };
		903CEAC31C015514003BC6FF /* AddBathroomViewController.swift in Sources */ = {isa = PBXBuildFile; fileRef = 903CEAC21C015514003BC6FF /* AddBathroomViewController.swift */; };
		908097F01C01422A002275CF /* MapViewController.swift in Sources */ = {isa = PBXBuildFile; fileRef = 908097EF1C01422A002275CF /* MapViewController.swift */; };
		90842D1A1C02DB6B00E20655 /* Common.swift in Sources */ = {isa = PBXBuildFile; fileRef = 90842D191C02DB6B00E20655 /* Common.swift */; };
		90DF30331BFD13F300A82A9E /* DummyView.swift in Sources */ = {isa = PBXBuildFile; fileRef = 90DF30321BFD13F300A82A9E /* DummyView.swift */; };
		90DF30351BFD18EF00A82A9E /* ProfileViewController.swift in Sources */ = {isa = PBXBuildFile; fileRef = 90DF30341BFD18EF00A82A9E /* ProfileViewController.swift */; };
		90DF30381BFD2A5600A82A9E /* UIColorExtension.swift in Sources */ = {isa = PBXBuildFile; fileRef = 90DF30371BFD2A5600A82A9E /* UIColorExtension.swift */; };
		9A1C7DF91C04F72800B0D410 /* IBathroomRetriever.swift in Sources */ = {isa = PBXBuildFile; fileRef = 9A1C7DF81C04F72800B0D410 /* IBathroomRetriever.swift */; };
		9A1C7DFB1C04F7D200B0D410 /* IBathroomDetailRetriever.swift in Sources */ = {isa = PBXBuildFile; fileRef = 9A1C7DFA1C04F7D200B0D410 /* IBathroomDetailRetriever.swift */; };
		9A1C7DFD1C04F7E100B0D410 /* BathroomDetail.swift in Sources */ = {isa = PBXBuildFile; fileRef = 9A1C7DFC1C04F7E100B0D410 /* BathroomDetail.swift */; };
		9A1C7DFF1C04F84600B0D410 /* BathroomRetriever.swift in Sources */ = {isa = PBXBuildFile; fileRef = 9A1C7DFE1C04F84600B0D410 /* BathroomRetriever.swift */; };
		9A1C7E011C04F8A400B0D410 /* HttpRetriever.swift in Sources */ = {isa = PBXBuildFile; fileRef = 9A1C7E001C04F8A400B0D410 /* HttpRetriever.swift */; };
		9A5D1D0F1C015AB000EDCA7F /* GoogleService-Info.plist in Resources */ = {isa = PBXBuildFile; fileRef = 9A5D1D0E1C015AB000EDCA7F /* GoogleService-Info.plist */; };
		9A6028EB1C057912000D42DF /* FakeBathroomRetriever.swift in Sources */ = {isa = PBXBuildFile; fileRef = 9A6028EA1C057912000D42DF /* FakeBathroomRetriever.swift */; };
		9A6028ED1C057920000D42DF /* FakeBathroomDetailRetriever.swift in Sources */ = {isa = PBXBuildFile; fileRef = 9A6028EC1C057920000D42DF /* FakeBathroomDetailRetriever.swift */; };
		9A6028EF1C05798D000D42DF /* BathroomDetailRetriever.swift in Sources */ = {isa = PBXBuildFile; fileRef = 9A6028EE1C05798D000D42DF /* BathroomDetailRetriever.swift */; };
		9A6028F11C057CA2000D42DF /* Review.swift in Sources */ = {isa = PBXBuildFile; fileRef = 9A6028F01C057CA2000D42DF /* Review.swift */; };
		9A77058A1C060D070021CC24 /* BathroomSnippetView.swift in Sources */ = {isa = PBXBuildFile; fileRef = 9A7705891C060D070021CC24 /* BathroomSnippetView.swift */; };
		9A77058C1C060D550021CC24 /* BathroomSnippetView.xib in Resources */ = {isa = PBXBuildFile; fileRef = 9A77058B1C060D550021CC24 /* BathroomSnippetView.xib */; };
		9A8D56271C02A67500648C18 /* NavigationReplacementSegue.swift in Sources */ = {isa = PBXBuildFile; fileRef = 9A8D56261C02A67500648C18 /* NavigationReplacementSegue.swift */; };
		9A8D56291C03706200648C18 /* Flags.swift in Sources */ = {isa = PBXBuildFile; fileRef = 9A8D56281C03706200648C18 /* Flags.swift */; };
		9AF9EC461C02621200A7F7CE /* UserManager.swift in Sources */ = {isa = PBXBuildFile; fileRef = 9AF9EC451C02621200A7F7CE /* UserManager.swift */; };
/* End PBXBuildFile section */

/* Begin PBXFileReference section */
		50F9ADFFD6C5B26A52BA2B18 /* Pods-YelpForBathrooms.release.xcconfig */ = {isa = PBXFileReference; includeInIndex = 1; lastKnownFileType = text.xcconfig; name = "Pods-YelpForBathrooms.release.xcconfig"; path = "Pods/Target Support Files/Pods-YelpForBathrooms/Pods-YelpForBathrooms.release.xcconfig"; sourceTree = "<group>"; };
		6339D452ECD4FBCEC40FDC59 /* Pods_YelpForBathrooms.framework */ = {isa = PBXFileReference; explicitFileType = wrapper.framework; includeInIndex = 0; path = Pods_YelpForBathrooms.framework; sourceTree = BUILT_PRODUCTS_DIR; };
		9020889D1BF80C25006F0808 /* YelpForBathrooms.app */ = {isa = PBXFileReference; explicitFileType = wrapper.application; includeInIndex = 0; path = YelpForBathrooms.app; sourceTree = BUILT_PRODUCTS_DIR; };
		902088A01BF80C25006F0808 /* AppDelegate.swift */ = {isa = PBXFileReference; lastKnownFileType = sourcecode.swift; path = AppDelegate.swift; sourceTree = "<group>"; };
		902088A51BF80C25006F0808 /* Base */ = {isa = PBXFileReference; lastKnownFileType = file.storyboard; name = Base; path = Base.lproj/Main.storyboard; sourceTree = "<group>"; };
		902088A71BF80C25006F0808 /* Assets.xcassets */ = {isa = PBXFileReference; lastKnownFileType = folder.assetcatalog; path = Assets.xcassets; sourceTree = "<group>"; };
		902088AA1BF80C25006F0808 /* Base */ = {isa = PBXFileReference; lastKnownFileType = file.storyboard; name = Base; path = Base.lproj/LaunchScreen.storyboard; sourceTree = "<group>"; };
		902088AC1BF80C25006F0808 /* Info.plist */ = {isa = PBXFileReference; lastKnownFileType = text.plist.xml; path = Info.plist; sourceTree = "<group>"; };
		902088B51BF811B3006F0808 /* Bathroom.swift */ = {isa = PBXFileReference; fileEncoding = 4; lastKnownFileType = sourcecode.swift; path = Bathroom.swift; sourceTree = "<group>"; };
		902B80AB1C013FB2002041CE /* Profile.storyboard */ = {isa = PBXFileReference; fileEncoding = 4; lastKnownFileType = file.storyboard; path = Profile.storyboard; sourceTree = "<group>"; };
		903CEAB21C014701003BC6FF /* Base */ = {isa = PBXFileReference; lastKnownFileType = file.storyboard; name = Base; path = Base.lproj/Login.storyboard; sourceTree = "<group>"; };
		903CEAB41C014ADB003BC6FF /* AddBathroom.storyboard */ = {isa = PBXFileReference; fileEncoding = 4; lastKnownFileType = file.storyboard; path = AddBathroom.storyboard; sourceTree = "<group>"; };
		903CEAB71C014E1E003BC6FF /* Base */ = {isa = PBXFileReference; lastKnownFileType = file.storyboard; name = Base; path = Base.lproj/BathroomDetails.storyboard; sourceTree = "<group>"; };
		903CEAB91C015230003BC6FF /* BathroomDetailsViewController.swift */ = {isa = PBXFileReference; fileEncoding = 4; lastKnownFileType = sourcecode.swift; path = BathroomDetailsViewController.swift; sourceTree = "<group>"; };
		903CEABC1C0152C7003BC6FF /* Base */ = {isa = PBXFileReference; lastKnownFileType = file.storyboard; name = Base; path = Base.lproj/AddBathroomReview.storyboard; sourceTree = "<group>"; };
		903CEABE1C0154A0003BC6FF /* AddBathroomReviewViewController.swift */ = {isa = PBXFileReference; fileEncoding = 4; lastKnownFileType = sourcecode.swift; path = AddBathroomReviewViewController.swift; sourceTree = "<group>"; };
		903CEAC01C0154D6003BC6FF /* LoginViewController.swift */ = {isa = PBXFileReference; fileEncoding = 4; lastKnownFileType = sourcecode.swift; path = LoginViewController.swift; sourceTree = "<group>"; };
		903CEAC21C015514003BC6FF /* AddBathroomViewController.swift */ = {isa = PBXFileReference; fileEncoding = 4; lastKnownFileType = sourcecode.swift; path = AddBathroomViewController.swift; sourceTree = "<group>"; };
		908097EF1C01422A002275CF /* MapViewController.swift */ = {isa = PBXFileReference; fileEncoding = 4; lastKnownFileType = sourcecode.swift; path = MapViewController.swift; sourceTree = "<group>"; };
		90842D191C02DB6B00E20655 /* Common.swift */ = {isa = PBXFileReference; fileEncoding = 4; lastKnownFileType = sourcecode.swift; path = Common.swift; sourceTree = "<group>"; };
		90DF30321BFD13F300A82A9E /* DummyView.swift */ = {isa = PBXFileReference; fileEncoding = 4; lastKnownFileType = sourcecode.swift; path = DummyView.swift; sourceTree = "<group>"; };
		90DF30341BFD18EF00A82A9E /* ProfileViewController.swift */ = {isa = PBXFileReference; fileEncoding = 4; lastKnownFileType = sourcecode.swift; path = ProfileViewController.swift; sourceTree = "<group>"; };
		90DF30371BFD2A5600A82A9E /* UIColorExtension.swift */ = {isa = PBXFileReference; fileEncoding = 4; lastKnownFileType = sourcecode.swift; path = UIColorExtension.swift; sourceTree = "<group>"; };
		9A1C7DF81C04F72800B0D410 /* IBathroomRetriever.swift */ = {isa = PBXFileReference; fileEncoding = 4; lastKnownFileType = sourcecode.swift; path = IBathroomRetriever.swift; sourceTree = "<group>"; };
		9A1C7DFA1C04F7D200B0D410 /* IBathroomDetailRetriever.swift */ = {isa = PBXFileReference; fileEncoding = 4; lastKnownFileType = sourcecode.swift; path = IBathroomDetailRetriever.swift; sourceTree = "<group>"; };
		9A1C7DFC1C04F7E100B0D410 /* BathroomDetail.swift */ = {isa = PBXFileReference; fileEncoding = 4; lastKnownFileType = sourcecode.swift; path = BathroomDetail.swift; sourceTree = "<group>"; };
		9A1C7DFE1C04F84600B0D410 /* BathroomRetriever.swift */ = {isa = PBXFileReference; fileEncoding = 4; lastKnownFileType = sourcecode.swift; path = BathroomRetriever.swift; sourceTree = "<group>"; };
		9A1C7E001C04F8A400B0D410 /* HttpRetriever.swift */ = {isa = PBXFileReference; fileEncoding = 4; lastKnownFileType = sourcecode.swift; path = HttpRetriever.swift; sourceTree = "<group>"; };
		9A5D1D0E1C015AB000EDCA7F /* GoogleService-Info.plist */ = {isa = PBXFileReference; fileEncoding = 4; lastKnownFileType = text.plist.xml; path = "GoogleService-Info.plist"; sourceTree = "<group>"; };
		9A5D1D101C015B5400EDCA7F /* BridgingHeader.h */ = {isa = PBXFileReference; fileEncoding = 4; lastKnownFileType = sourcecode.c.h; path = BridgingHeader.h; sourceTree = "<group>"; };
		9A6028EA1C057912000D42DF /* FakeBathroomRetriever.swift */ = {isa = PBXFileReference; fileEncoding = 4; lastKnownFileType = sourcecode.swift; path = FakeBathroomRetriever.swift; sourceTree = "<group>"; };
		9A6028EC1C057920000D42DF /* FakeBathroomDetailRetriever.swift */ = {isa = PBXFileReference; fileEncoding = 4; lastKnownFileType = sourcecode.swift; path = FakeBathroomDetailRetriever.swift; sourceTree = "<group>"; };
		9A6028EE1C05798D000D42DF /* BathroomDetailRetriever.swift */ = {isa = PBXFileReference; fileEncoding = 4; lastKnownFileType = sourcecode.swift; path = BathroomDetailRetriever.swift; sourceTree = "<group>"; };
		9A6028F01C057CA2000D42DF /* Review.swift */ = {isa = PBXFileReference; fileEncoding = 4; lastKnownFileType = sourcecode.swift; path = Review.swift; sourceTree = "<group>"; };
		9A7705891C060D070021CC24 /* BathroomSnippetView.swift */ = {isa = PBXFileReference; fileEncoding = 4; lastKnownFileType = sourcecode.swift; path = BathroomSnippetView.swift; sourceTree = "<group>"; };
		9A77058B1C060D550021CC24 /* BathroomSnippetView.xib */ = {isa = PBXFileReference; fileEncoding = 4; lastKnownFileType = file.xib; path = BathroomSnippetView.xib; sourceTree = "<group>"; };
		9A8D56261C02A67500648C18 /* NavigationReplacementSegue.swift */ = {isa = PBXFileReference; fileEncoding = 4; lastKnownFileType = sourcecode.swift; path = NavigationReplacementSegue.swift; sourceTree = "<group>"; };
		9A8D56281C03706200648C18 /* Flags.swift */ = {isa = PBXFileReference; fileEncoding = 4; lastKnownFileType = sourcecode.swift; path = Flags.swift; sourceTree = "<group>"; };
		9AF9EC451C02621200A7F7CE /* UserManager.swift */ = {isa = PBXFileReference; fileEncoding = 4; lastKnownFileType = sourcecode.swift; path = UserManager.swift; sourceTree = "<group>"; };
		E20E0462DBB95791F2669A61 /* Pods-YelpForBathrooms.debug.xcconfig */ = {isa = PBXFileReference; includeInIndex = 1; lastKnownFileType = text.xcconfig; name = "Pods-YelpForBathrooms.debug.xcconfig"; path = "Pods/Target Support Files/Pods-YelpForBathrooms/Pods-YelpForBathrooms.debug.xcconfig"; sourceTree = "<group>"; };
/* End PBXFileReference section */

/* Begin PBXFrameworksBuildPhase section */
		9020889A1BF80C25006F0808 /* Frameworks */ = {
			isa = PBXFrameworksBuildPhase;
			buildActionMask = 2147483647;
			files = (
				5DD760A6927974BF59DC49EA /* Pods_YelpForBathrooms.framework in Frameworks */,
			);
			runOnlyForDeploymentPostprocessing = 0;
		};
/* End PBXFrameworksBuildPhase section */

/* Begin PBXGroup section */
		0FF149E484C237ADEBC35EAD /* Pods */ = {
			isa = PBXGroup;
			children = (
				E20E0462DBB95791F2669A61 /* Pods-YelpForBathrooms.debug.xcconfig */,
				50F9ADFFD6C5B26A52BA2B18 /* Pods-YelpForBathrooms.release.xcconfig */,
			);
			name = Pods;
			sourceTree = "<group>";
		};
		50C78DAF50475C0FC2DA094B /* Frameworks */ = {
			isa = PBXGroup;
			children = (
				6339D452ECD4FBCEC40FDC59 /* Pods_YelpForBathrooms.framework */,
			);
			name = Frameworks;
			sourceTree = "<group>";
		};
		902088941BF80C25006F0808 = {
			isa = PBXGroup;
			children = (
				50C78DAF50475C0FC2DA094B /* Frameworks */,
				0FF149E484C237ADEBC35EAD /* Pods */,
				9020889E1BF80C25006F0808 /* Products */,
				9020889F1BF80C25006F0808 /* YelpForBathrooms */,
			);
			sourceTree = "<group>";
		};
		9020889E1BF80C25006F0808 /* Products */ = {
			isa = PBXGroup;
			children = (
				9020889D1BF80C25006F0808 /* YelpForBathrooms.app */,
			);
			name = Products;
			sourceTree = "<group>";
		};
		9020889F1BF80C25006F0808 /* YelpForBathrooms */ = {
			isa = PBXGroup;
			children = (
				902088B31BF81108006F0808 /* Controllers */,
				90DF30361BFD2A4100A82A9E /* Extensions */,
				9A6028E91C0578E6000D42DF /* Fakes */,
				902088B41BF81143006F0808 /* Models */,
				9A6028E81C0578CC000D42DF /* Protocols */,
				902B80AA1C013F9B002041CE /* Storyboards */,
				902088B21BF810F1006F0808 /* SupportingFiles */,
				90DF30311BFD13C800A82A9E /* Views */,
				902088A71BF80C25006F0808 /* Assets.xcassets */,
			);
			path = YelpForBathrooms;
			sourceTree = "<group>";
		};
		902088B21BF810F1006F0808 /* SupportingFiles */ = {
			isa = PBXGroup;
			children = (
				902088A01BF80C25006F0808 /* AppDelegate.swift */,
				9A5D1D101C015B5400EDCA7F /* BridgingHeader.h */,
				90842D191C02DB6B00E20655 /* Common.swift */,
				9A5D1D0E1C015AB000EDCA7F /* GoogleService-Info.plist */,
				902088AC1BF80C25006F0808 /* Info.plist */,
				902088A91BF80C25006F0808 /* LaunchScreen.storyboard */,
			);
			path = SupportingFiles;
			sourceTree = "<group>";
		};
		902088B31BF81108006F0808 /* Controllers */ = {
			isa = PBXGroup;
			children = (
				903CEABE1C0154A0003BC6FF /* AddBathroomReviewViewController.swift */,
				903CEAC21C015514003BC6FF /* AddBathroomViewController.swift */,
				903CEAB91C015230003BC6FF /* BathroomDetailsViewController.swift */,
				903CEAC01C0154D6003BC6FF /* LoginViewController.swift */,
				908097EF1C01422A002275CF /* MapViewController.swift */,
				90DF30341BFD18EF00A82A9E /* ProfileViewController.swift */,
			);
			path = Controllers;
			sourceTree = "<group>";
		};
		902088B41BF81143006F0808 /* Models */ = {
			isa = PBXGroup;
			children = (
				902088B51BF811B3006F0808 /* Bathroom.swift */,
				9A1C7DFC1C04F7E100B0D410 /* BathroomDetail.swift */,
				9A6028EE1C05798D000D42DF /* BathroomDetailRetriever.swift */,
				9A1C7DFE1C04F84600B0D410 /* BathroomRetriever.swift */,
				9A8D56281C03706200648C18 /* Flags.swift */,
				9A1C7E001C04F8A400B0D410 /* HttpRetriever.swift */,
				9A8D56261C02A67500648C18 /* NavigationReplacementSegue.swift */,
				9A6028F01C057CA2000D42DF /* Review.swift */,
				9AF9EC451C02621200A7F7CE /* UserManager.swift */,
			);
			path = Models;
			sourceTree = "<group>";
		};
		902B80AA1C013F9B002041CE /* Storyboards */ = {
			isa = PBXGroup;
			children = (
				903CEAB41C014ADB003BC6FF /* AddBathroom.storyboard */,
				903CEABB1C0152C7003BC6FF /* AddBathroomReview.storyboard */,
				903CEAB61C014E1E003BC6FF /* BathroomDetails.storyboard */,
				903CEAB11C014701003BC6FF /* Login.storyboard */,
				902088A41BF80C25006F0808 /* Main.storyboard */,
				902B80AB1C013FB2002041CE /* Profile.storyboard */,
				9A77058B1C060D550021CC24 /* BathroomSnippetView.xib */,
			);
			path = Storyboards;
			sourceTree = "<group>";
		};
		90DF30311BFD13C800A82A9E /* Views */ = {
			isa = PBXGroup;
			children = (
				90DF30321BFD13F300A82A9E /* DummyView.swift */,
				9A7705891C060D070021CC24 /* BathroomSnippetView.swift */,
			);
			path = Views;
			sourceTree = "<group>";
		};
		90DF30361BFD2A4100A82A9E /* Extensions */ = {
			isa = PBXGroup;
			children = (
				90DF30371BFD2A5600A82A9E /* UIColorExtension.swift */,
			);
			path = Extensions;
			sourceTree = "<group>";
		};
		9A6028E81C0578CC000D42DF /* Protocols */ = {
			isa = PBXGroup;
			children = (
				9A1C7DFA1C04F7D200B0D410 /* IBathroomDetailRetriever.swift */,
				9A1C7DF81C04F72800B0D410 /* IBathroomRetriever.swift */,
			);
			path = Protocols;
			sourceTree = "<group>";
		};
		9A6028E91C0578E6000D42DF /* Fakes */ = {
			isa = PBXGroup;
			children = (
				9A6028EC1C057920000D42DF /* FakeBathroomDetailRetriever.swift */,
				9A6028EA1C057912000D42DF /* FakeBathroomRetriever.swift */,
			);
			path = Fakes;
			sourceTree = "<group>";
		};
/* End PBXGroup section */

/* Begin PBXNativeTarget section */
		9020889C1BF80C25006F0808 /* YelpForBathrooms */ = {
			isa = PBXNativeTarget;
			buildConfigurationList = 902088AF1BF80C25006F0808 /* Build configuration list for PBXNativeTarget "YelpForBathrooms" */;
			buildPhases = (
				BF9424C595D822C4FA25F82E /* Check Pods Manifest.lock */,
				902088991BF80C25006F0808 /* Sources */,
				9020889A1BF80C25006F0808 /* Frameworks */,
				9020889B1BF80C25006F0808 /* Resources */,
				E2575FA966E5F5333113F0B7 /* Embed Pods Frameworks */,
				0C997D782994DB30B68D5E80 /* Copy Pods Resources */,
			);
			buildRules = (
			);
			dependencies = (
			);
			name = YelpForBathrooms;
			productName = YelpForBathrooms;
			productReference = 9020889D1BF80C25006F0808 /* YelpForBathrooms.app */;
			productType = "com.apple.product-type.application";
		};
/* End PBXNativeTarget section */

/* Begin PBXProject section */
		902088951BF80C25006F0808 /* Project object */ = {
			isa = PBXProject;
			attributes = {
				LastSwiftUpdateCheck = 0710;
				LastUpgradeCheck = 0710;
				ORGANIZATIONNAME = "Five Letter";
				TargetAttributes = {
					9020889C1BF80C25006F0808 = {
						CreatedOnToolsVersion = 7.1.1;
						DevelopmentTeam = XCSBUYNY82;
					};
				};
			};
			buildConfigurationList = 902088981BF80C25006F0808 /* Build configuration list for PBXProject "YelpForBathrooms" */;
			compatibilityVersion = "Xcode 3.2";
			developmentRegion = English;
			hasScannedForEncodings = 0;
			knownRegions = (
				en,
				Base,
			);
			mainGroup = 902088941BF80C25006F0808;
			productRefGroup = 9020889E1BF80C25006F0808 /* Products */;
			projectDirPath = "";
			projectRoot = "";
			targets = (
				9020889C1BF80C25006F0808 /* YelpForBathrooms */,
			);
		};
/* End PBXProject section */

/* Begin PBXResourcesBuildPhase section */
		9020889B1BF80C25006F0808 /* Resources */ = {
			isa = PBXResourcesBuildPhase;
			buildActionMask = 2147483647;
			files = (
				902B80AC1C013FB2002041CE /* Profile.storyboard in Resources */,
				902088AB1BF80C25006F0808 /* LaunchScreen.storyboard in Resources */,
				9A5D1D0F1C015AB000EDCA7F /* GoogleService-Info.plist in Resources */,
				903CEABD1C0152C7003BC6FF /* AddBathroomReview.storyboard in Resources */,
				902088A81BF80C25006F0808 /* Assets.xcassets in Resources */,
				903CEAB31C014701003BC6FF /* Login.storyboard in Resources */,
				9A77058C1C060D550021CC24 /* BathroomSnippetView.xib in Resources */,
				903CEAB51C014ADB003BC6FF /* AddBathroom.storyboard in Resources */,
				903CEAB81C014E1E003BC6FF /* BathroomDetails.storyboard in Resources */,
				902088A61BF80C25006F0808 /* Main.storyboard in Resources */,
			);
			runOnlyForDeploymentPostprocessing = 0;
		};
/* End PBXResourcesBuildPhase section */

/* Begin PBXShellScriptBuildPhase section */
		0C997D782994DB30B68D5E80 /* Copy Pods Resources */ = {
			isa = PBXShellScriptBuildPhase;
			buildActionMask = 2147483647;
			files = (
			);
			inputPaths = (
			);
			name = "Copy Pods Resources";
			outputPaths = (
			);
			runOnlyForDeploymentPostprocessing = 0;
			shellPath = /bin/sh;
			shellScript = "\"${SRCROOT}/Pods/Target Support Files/Pods-YelpForBathrooms/Pods-YelpForBathrooms-resources.sh\"\n";
			showEnvVarsInLog = 0;
		};
		BF9424C595D822C4FA25F82E /* Check Pods Manifest.lock */ = {
			isa = PBXShellScriptBuildPhase;
			buildActionMask = 2147483647;
			files = (
			);
			inputPaths = (
			);
			name = "Check Pods Manifest.lock";
			outputPaths = (
			);
			runOnlyForDeploymentPostprocessing = 0;
			shellPath = /bin/sh;
			shellScript = "diff \"${PODS_ROOT}/../Podfile.lock\" \"${PODS_ROOT}/Manifest.lock\" > /dev/null\nif [[ $? != 0 ]] ; then\n    cat << EOM\nerror: The sandbox is not in sync with the Podfile.lock. Run 'pod install' or update your CocoaPods installation.\nEOM\n    exit 1\nfi\n";
			showEnvVarsInLog = 0;
		};
		E2575FA966E5F5333113F0B7 /* Embed Pods Frameworks */ = {
			isa = PBXShellScriptBuildPhase;
			buildActionMask = 2147483647;
			files = (
			);
			inputPaths = (
			);
			name = "Embed Pods Frameworks";
			outputPaths = (
			);
			runOnlyForDeploymentPostprocessing = 0;
			shellPath = /bin/sh;
			shellScript = "\"${SRCROOT}/Pods/Target Support Files/Pods-YelpForBathrooms/Pods-YelpForBathrooms-frameworks.sh\"\n";
			showEnvVarsInLog = 0;
		};
/* End PBXShellScriptBuildPhase section */

/* Begin PBXSourcesBuildPhase section */
		902088991BF80C25006F0808 /* Sources */ = {
			isa = PBXSourcesBuildPhase;
			buildActionMask = 2147483647;
			files = (
				903CEAC11C0154D6003BC6FF /* LoginViewController.swift in Sources */,
				9A6028EB1C057912000D42DF /* FakeBathroomRetriever.swift in Sources */,
				90DF30381BFD2A5600A82A9E /* UIColorExtension.swift in Sources */,
				9A1C7DFF1C04F84600B0D410 /* BathroomRetriever.swift in Sources */,
				90842D1A1C02DB6B00E20655 /* Common.swift in Sources */,
				902088B61BF811B3006F0808 /* Bathroom.swift in Sources */,
				9A1C7DFD1C04F7E100B0D410 /* BathroomDetail.swift in Sources */,
				9A6028F11C057CA2000D42DF /* Review.swift in Sources */,
				90DF30331BFD13F300A82A9E /* DummyView.swift in Sources */,
				9A1C7DF91C04F72800B0D410 /* IBathroomRetriever.swift in Sources */,
				90DF30351BFD18EF00A82A9E /* ProfileViewController.swift in Sources */,
				903CEABF1C0154A0003BC6FF /* AddBathroomReviewViewController.swift in Sources */,
				903CEAC31C015514003BC6FF /* AddBathroomViewController.swift in Sources */,
				9A1C7DFB1C04F7D200B0D410 /* IBathroomDetailRetriever.swift in Sources */,
				902088A11BF80C25006F0808 /* AppDelegate.swift in Sources */,
				9A8D56271C02A67500648C18 /* NavigationReplacementSegue.swift in Sources */,
				9A6028EF1C05798D000D42DF /* BathroomDetailRetriever.swift in Sources */,
				908097F01C01422A002275CF /* MapViewController.swift in Sources */,
				9A6028ED1C057920000D42DF /* FakeBathroomDetailRetriever.swift in Sources */,
				9AF9EC461C02621200A7F7CE /* UserManager.swift in Sources */,
				9A1C7E011C04F8A400B0D410 /* HttpRetriever.swift in Sources */,
				903CEABA1C015230003BC6FF /* BathroomDetailsViewController.swift in Sources */,
				9A77058A1C060D070021CC24 /* BathroomSnippetView.swift in Sources */,
				9A8D56291C03706200648C18 /* Flags.swift in Sources */,
			);
			runOnlyForDeploymentPostprocessing = 0;
		};
/* End PBXSourcesBuildPhase section */

/* Begin PBXVariantGroup section */
		902088A41BF80C25006F0808 /* Main.storyboard */ = {
			isa = PBXVariantGroup;
			children = (
				902088A51BF80C25006F0808 /* Base */,
			);
			name = Main.storyboard;
			path = .;
			sourceTree = "<group>";
		};
		902088A91BF80C25006F0808 /* LaunchScreen.storyboard */ = {
			isa = PBXVariantGroup;
			children = (
				902088AA1BF80C25006F0808 /* Base */,
			);
			name = LaunchScreen.storyboard;
			path = .;
			sourceTree = "<group>";
		};
		903CEAB11C014701003BC6FF /* Login.storyboard */ = {
			isa = PBXVariantGroup;
			children = (
				903CEAB21C014701003BC6FF /* Base */,
			);
			name = Login.storyboard;
			path = .;
			sourceTree = "<group>";
		};
		903CEAB61C014E1E003BC6FF /* BathroomDetails.storyboard */ = {
			isa = PBXVariantGroup;
			children = (
				903CEAB71C014E1E003BC6FF /* Base */,
			);
			name = BathroomDetails.storyboard;
			path = .;
			sourceTree = "<group>";
		};
		903CEABB1C0152C7003BC6FF /* AddBathroomReview.storyboard */ = {
			isa = PBXVariantGroup;
			children = (
				903CEABC1C0152C7003BC6FF /* Base */,
			);
			name = AddBathroomReview.storyboard;
			path = .;
			sourceTree = "<group>";
		};
/* End PBXVariantGroup section */

/* Begin XCBuildConfiguration section */
		902088AD1BF80C25006F0808 /* Debug */ = {
			isa = XCBuildConfiguration;
			buildSettings = {
				ALWAYS_SEARCH_USER_PATHS = NO;
				CLANG_CXX_LANGUAGE_STANDARD = "gnu++0x";
				CLANG_CXX_LIBRARY = "libc++";
				CLANG_ENABLE_MODULES = YES;
				CLANG_ENABLE_OBJC_ARC = YES;
				CLANG_WARN_BOOL_CONVERSION = YES;
				CLANG_WARN_CONSTANT_CONVERSION = YES;
				CLANG_WARN_DIRECT_OBJC_ISA_USAGE = YES_ERROR;
				CLANG_WARN_EMPTY_BODY = YES;
				CLANG_WARN_ENUM_CONVERSION = YES;
				CLANG_WARN_INT_CONVERSION = YES;
				CLANG_WARN_OBJC_ROOT_CLASS = YES_ERROR;
				CLANG_WARN_UNREACHABLE_CODE = YES;
				CLANG_WARN__DUPLICATE_METHOD_MATCH = YES;
				"CODE_SIGN_IDENTITY[sdk=iphoneos*]" = "iPhone Developer";
				COPY_PHASE_STRIP = NO;
				DEBUG_INFORMATION_FORMAT = dwarf;
				ENABLE_STRICT_OBJC_MSGSEND = YES;
				ENABLE_TESTABILITY = YES;
				GCC_C_LANGUAGE_STANDARD = gnu99;
				GCC_DYNAMIC_NO_PIC = NO;
				GCC_NO_COMMON_BLOCKS = YES;
				GCC_OPTIMIZATION_LEVEL = 0;
				GCC_PREPROCESSOR_DEFINITIONS = (
					"DEBUG=1",
					"$(inherited)",
				);
				GCC_WARN_64_TO_32_BIT_CONVERSION = YES;
				GCC_WARN_ABOUT_RETURN_TYPE = YES_ERROR;
				GCC_WARN_UNDECLARED_SELECTOR = YES;
				GCC_WARN_UNINITIALIZED_AUTOS = YES_AGGRESSIVE;
				GCC_WARN_UNUSED_FUNCTION = YES;
				GCC_WARN_UNUSED_VARIABLE = YES;
				IPHONEOS_DEPLOYMENT_TARGET = 9.1;
				MTL_ENABLE_DEBUG_INFO = YES;
				ONLY_ACTIVE_ARCH = YES;
				SDKROOT = iphoneos;
				SWIFT_OPTIMIZATION_LEVEL = "-Onone";
				TARGETED_DEVICE_FAMILY = "1,2";
			};
			name = Debug;
		};
		902088AE1BF80C25006F0808 /* Release */ = {
			isa = XCBuildConfiguration;
			buildSettings = {
				ALWAYS_SEARCH_USER_PATHS = NO;
				CLANG_CXX_LANGUAGE_STANDARD = "gnu++0x";
				CLANG_CXX_LIBRARY = "libc++";
				CLANG_ENABLE_MODULES = YES;
				CLANG_ENABLE_OBJC_ARC = YES;
				CLANG_WARN_BOOL_CONVERSION = YES;
				CLANG_WARN_CONSTANT_CONVERSION = YES;
				CLANG_WARN_DIRECT_OBJC_ISA_USAGE = YES_ERROR;
				CLANG_WARN_EMPTY_BODY = YES;
				CLANG_WARN_ENUM_CONVERSION = YES;
				CLANG_WARN_INT_CONVERSION = YES;
				CLANG_WARN_OBJC_ROOT_CLASS = YES_ERROR;
				CLANG_WARN_UNREACHABLE_CODE = YES;
				CLANG_WARN__DUPLICATE_METHOD_MATCH = YES;
				"CODE_SIGN_IDENTITY[sdk=iphoneos*]" = "iPhone Developer";
				COPY_PHASE_STRIP = NO;
				DEBUG_INFORMATION_FORMAT = "dwarf-with-dsym";
				ENABLE_NS_ASSERTIONS = NO;
				ENABLE_STRICT_OBJC_MSGSEND = YES;
				GCC_C_LANGUAGE_STANDARD = gnu99;
				GCC_NO_COMMON_BLOCKS = YES;
				GCC_WARN_64_TO_32_BIT_CONVERSION = YES;
				GCC_WARN_ABOUT_RETURN_TYPE = YES_ERROR;
				GCC_WARN_UNDECLARED_SELECTOR = YES;
				GCC_WARN_UNINITIALIZED_AUTOS = YES_AGGRESSIVE;
				GCC_WARN_UNUSED_FUNCTION = YES;
				GCC_WARN_UNUSED_VARIABLE = YES;
				IPHONEOS_DEPLOYMENT_TARGET = 9.1;
				MTL_ENABLE_DEBUG_INFO = NO;
				SDKROOT = iphoneos;
				TARGETED_DEVICE_FAMILY = "1,2";
				VALIDATE_PRODUCT = YES;
			};
			name = Release;
		};
		902088B01BF80C25006F0808 /* Debug */ = {
			isa = XCBuildConfiguration;
			baseConfigurationReference = E20E0462DBB95791F2669A61 /* Pods-YelpForBathrooms.debug.xcconfig */;
			buildSettings = {
				ASSETCATALOG_COMPILER_APPICON_NAME = AppIcon;
				CODE_SIGN_IDENTITY = "iPhone Developer";
				"CODE_SIGN_IDENTITY[sdk=iphoneos*]" = "iPhone Developer";
				ENABLE_BITCODE = NO;
				INFOPLIST_FILE = YelpForBathrooms/SupportingFiles/Info.plist;
				LD_RUNPATH_SEARCH_PATHS = "$(inherited) @executable_path/Frameworks";
				PRODUCT_BUNDLE_IDENTIFIER = edu.sjsu.Belp;
				PRODUCT_NAME = "$(TARGET_NAME)";
				PROVISIONING_PROFILE = "";
				SWIFT_OBJC_BRIDGING_HEADER = YelpForBathrooms/SupportingFiles/BridgingHeader.h;
			};
			name = Debug;
		};
		902088B11BF80C25006F0808 /* Release */ = {
			isa = XCBuildConfiguration;
			baseConfigurationReference = 50F9ADFFD6C5B26A52BA2B18 /* Pods-YelpForBathrooms.release.xcconfig */;
			buildSettings = {
				ASSETCATALOG_COMPILER_APPICON_NAME = AppIcon;
				CODE_SIGN_IDENTITY = "iPhone Developer";
				"CODE_SIGN_IDENTITY[sdk=iphoneos*]" = "iPhone Developer";
				ENABLE_BITCODE = NO;
				INFOPLIST_FILE = YelpForBathrooms/SupportingFiles/Info.plist;
				LD_RUNPATH_SEARCH_PATHS = "$(inherited) @executable_path/Frameworks";
				PRODUCT_BUNDLE_IDENTIFIER = edu.sjsu.Belp;
				PRODUCT_NAME = "$(TARGET_NAME)";
				PROVISIONING_PROFILE = "";
				SWIFT_OBJC_BRIDGING_HEADER = YelpForBathrooms/SupportingFiles/BridgingHeader.h;
			};
			name = Release;
		};
/* End XCBuildConfiguration section */

/* Begin XCConfigurationList section */
		902088981BF80C25006F0808 /* Build configuration list for PBXProject "YelpForBathrooms" */ = {
			isa = XCConfigurationList;
			buildConfigurations = (
				902088AD1BF80C25006F0808 /* Debug */,
				902088AE1BF80C25006F0808 /* Release */,
			);
			defaultConfigurationIsVisible = 0;
			defaultConfigurationName = Release;
		};
		902088AF1BF80C25006F0808 /* Build configuration list for PBXNativeTarget "YelpForBathrooms" */ = {
			isa = XCConfigurationList;
			buildConfigurations = (
				902088B01BF80C25006F0808 /* Debug */,
				902088B11BF80C25006F0808 /* Release */,
			);
			defaultConfigurationIsVisible = 0;
			defaultConfigurationName = Release;
		};
/* End XCConfigurationList section */
	};
	rootObject = 902088951BF80C25006F0808 /* Project object */;
}
